
Microsoft Visual Studio Solution File, Format Version 12.00
# Visual Studio 14
VisualStudioVersion = 14.0.23107.0
MinimumVisualStudioVersion = 10.0.40219.1
Project("{CC5FD16D-436D-48AD-A40C-5A424C6E3E79}") = "Rc", "Rc.ccproj", "{42DC191E-1A38-44B5-9EFC-F674496D9B0C}"
EndProject
Project("{FAE04EC0-301F-11D3-BF4B-00C04F79EFBC}") = "Rc.Web", "Rc.Web\Rc.Web.csproj", "{BD77510E-0F4F-447D-8BFC-54F3F75DE17A}"
EndProject
Project("{FAE04EC0-301F-11D3-BF4B-00C04F79EFBC}") = "Rc.Raven", "Rc.Raven\Rc.Raven.csproj", "{9053791D-1860-43F5-9A8A-7E25129C8DF3}"
EndProject
Project("{FAE04EC0-301F-11D3-BF4B-00C04F79EFBC}") = "Rc.Documents", "Rc.Documents\Rc.Documents.csproj", "{C22E39C6-324C-4F6C-BE84-E0D426B07E8A}"
EndProject
Project("{FAE04EC0-301F-11D3-BF4B-00C04F79EFBC}") = "Rc.Indexes", "Rc.Indexes\Rc.Indexes.csproj", "{0211CFE9-74F9-40B5-A04E-0101B795B78E}"
EndProject
Project("{FAE04EC0-301F-11D3-BF4B-00C04F79EFBC}") = "Rc.Transforms", "Rc.Transforms\Rc.Transforms.csproj", "{F1BF5ACF-4752-4B55-97C4-C1BFBCF78A55}"
EndProject
Global
	GlobalSection(SolutionConfigurationPlatforms) = preSolution
		Debug|Any CPU = Debug|Any CPU
		Release|Any CPU = Release|Any CPU
	EndGlobalSection
	GlobalSection(ProjectConfigurationPlatforms) = postSolution
		{42DC191E-1A38-44B5-9EFC-F674496D9B0C}.Debug|Any CPU.ActiveCfg = Debug|Any CPU
		{42DC191E-1A38-44B5-9EFC-F674496D9B0C}.Debug|Any CPU.Build.0 = Debug|Any CPU
		{42DC191E-1A38-44B5-9EFC-F674496D9B0C}.Release|Any CPU.ActiveCfg = Release|Any CPU
		{42DC191E-1A38-44B5-9EFC-F674496D9B0C}.Release|Any CPU.Build.0 = Release|Any CPU
		{BD77510E-0F4F-447D-8BFC-54F3F75DE17A}.Debug|Any CPU.ActiveCfg = Debug|Any CPU
		{BD77510E-0F4F-447D-8BFC-54F3F75DE17A}.Debug|Any CPU.Build.0 = Debug|Any CPU
		{BD77510E-0F4F-447D-8BFC-54F3F75DE17A}.Release|Any CPU.ActiveCfg = Release|Any CPU
		{BD77510E-0F4F-447D-8BFC-54F3F75DE17A}.Release|Any CPU.Build.0 = Release|Any CPU
		{9053791D-1860-43F5-9A8A-7E25129C8DF3}.Debug|Any CPU.ActiveCfg = Debug|Any CPU
		{9053791D-1860-43F5-9A8A-7E25129C8DF3}.Debug|Any CPU.Build.0 = Debug|Any CPU
		{9053791D-1860-43F5-9A8A-7E25129C8DF3}.Release|Any CPU.ActiveCfg = Release|Any CPU
		{9053791D-1860-43F5-9A8A-7E25129C8DF3}.Release|Any CPU.Build.0 = Release|Any CPU
		{C22E39C6-324C-4F6C-BE84-E0D426B07E8A}.Debug|Any CPU.ActiveCfg = Debug|Any CPU
		{C22E39C6-324C-4F6C-BE84-E0D426B07E8A}.Debug|Any CPU.Build.0 = Debug|Any CPU
		{C22E39C6-324C-4F6C-BE84-E0D426B07E8A}.Release|Any CPU.ActiveCfg = Release|Any CPU
		{C22E39C6-324C-4F6C-BE84-E0D426B07E8A}.Release|Any CPU.Build.0 = Release|Any CPU
		{0211CFE9-74F9-40B5-A04E-0101B795B78E}.Debug|Any CPU.ActiveCfg = Debug|Any CPU
		{0211CFE9-74F9-40B5-A04E-0101B795B78E}.Debug|Any CPU.Build.0 = Debug|Any CPU
		{0211CFE9-74F9-40B5-A04E-0101B795B78E}.Release|Any CPU.ActiveCfg = Release|Any CPU
		{0211CFE9-74F9-40B5-A04E-0101B795B78E}.Release|Any CPU.Build.0 = Release|Any CPU
		{F1BF5ACF-4752-4B55-97C4-C1BFBCF78A55}.Debug|Any CPU.ActiveCfg = Debug|Any CPU
		{F1BF5ACF-4752-4B55-97C4-C1BFBCF78A55}.Debug|Any CPU.Build.0 = Debug|Any CPU
		{F1BF5ACF-4752-4B55-97C4-C1BFBCF78A55}.Release|Any CPU.ActiveCfg = Release|Any CPU
		{F1BF5ACF-4752-4B55-97C4-C1BFBCF78A55}.Release|Any CPU.Build.0 = Release|Any CPU
	EndGlobalSection
	GlobalSection(SolutionProperties) = preSolution
		HideSolutionNode = FALSE
	EndGlobalSection
EndGlobal
